
Microsoft Visual Studio Solution File, Format Version 12.00
# Visual Studio 15
VisualStudioVersion = 15.0.26730.8
MinimumVisualStudioVersion = 10.0.40219.1
Project("{FAE04EC0-301F-11D3-BF4B-00C04F79EFBC}") = "terning", "terning\terning.csproj", "{36CE4836-B43B-4AF8-9C80-89F75E7815A6}"
EndProject
Global
	GlobalSection(SolutionConfigurationPlatforms) = preSolution
		Debug|Any CPU = Debug|Any CPU
		Release|Any CPU = Release|Any CPU
	EndGlobalSection
	GlobalSection(ProjectConfigurationPlatforms) = postSolution
		{36CE4836-B43B-4AF8-9C80-89F75E7815A6}.Debug|Any CPU.ActiveCfg = Debug|Any CPU
		{36CE4836-B43B-4AF8-9C80-89F75E7815A6}.Debug|Any CPU.Build.0 = Debug|Any CPU
		{36CE4836-B43B-4AF8-9C80-89F75E7815A6}.Release|Any CPU.ActiveCfg = Release|Any CPU
		{36CE4836-B43B-4AF8-9C80-89F75E7815A6}.Release|Any CPU.Build.0 = Release|Any CPU
	EndGlobalSection
	GlobalSection(SolutionProperties) = preSolution
		HideSolutionNode = FALSE
	EndGlobalSection
	GlobalSection(ExtensibilityGlobals) = postSolution
		SolutionGuid = {E8C89D41-8334-484C-8D47-1D57C24ADA35}
	EndGlobalSection
EndGlobal
